
Microsoft Visual Studio Solution File, Format Version 12.00
# Visual Studio Version 17
VisualStudioVersion = 17.14.36623.8 d17.14
MinimumVisualStudioVersion = 10.0.40219.1
Project("{FAE04EC0-301F-11D3-BF4B-00C04F79EFBC}") = "Dosya_Klasor", "Dosya_Klasor\Dosya_Klasor.csproj", "{384093E0-BC62-4A11-AD6B-EEC2867ED2EC}"
EndProject
Global
	GlobalSection(SolutionConfigurationPlatforms) = preSolution
		Debug|Any CPU = Debug|Any CPU
		Release|Any CPU = Release|Any CPU
	EndGlobalSection
	GlobalSection(ProjectConfigurationPlatforms) = postSolution
		{384093E0-BC62-4A11-AD6B-EEC2867ED2EC}.Debug|Any CPU.ActiveCfg = Debug|Any CPU
		{384093E0-BC62-4A11-AD6B-EEC2867ED2EC}.Debug|Any CPU.Build.0 = Debug|Any CPU
		{384093E0-BC62-4A11-AD6B-EEC2867ED2EC}.Release|Any CPU.ActiveCfg = Release|Any CPU
		{384093E0-BC62-4A11-AD6B-EEC2867ED2EC}.Release|Any CPU.Build.0 = Release|Any CPU
	EndGlobalSection
	GlobalSection(SolutionProperties) = preSolution
		HideSolutionNode = FALSE
	EndGlobalSection
	GlobalSection(ExtensibilityGlobals) = postSolution
		SolutionGuid = {D7DB8C63-D20E-4C08-A82B-C0327E829493}
	EndGlobalSection
EndGlobal
