
Microsoft Visual Studio Solution File, Format Version 12.00
# Visual Studio Version 17
VisualStudioVersion = 17.14.36616.10 d17.14
MinimumVisualStudioVersion = 10.0.40219.1
Project("{FAE04EC0-301F-11D3-BF4B-00C04F79EFBC}") = "Timer_2", "Timer_2\Timer_2.csproj", "{75C2A145-E0F9-44C6-B5DE-3E00BD2C287A}"
EndProject
Global
	GlobalSection(SolutionConfigurationPlatforms) = preSolution
		Debug|Any CPU = Debug|Any CPU
		Release|Any CPU = Release|Any CPU
	EndGlobalSection
	GlobalSection(ProjectConfigurationPlatforms) = postSolution
		{75C2A145-E0F9-44C6-B5DE-3E00BD2C287A}.Debug|Any CPU.ActiveCfg = Debug|Any CPU
		{75C2A145-E0F9-44C6-B5DE-3E00BD2C287A}.Debug|Any CPU.Build.0 = Debug|Any CPU
		{75C2A145-E0F9-44C6-B5DE-3E00BD2C287A}.Release|Any CPU.ActiveCfg = Release|Any CPU
		{75C2A145-E0F9-44C6-B5DE-3E00BD2C287A}.Release|Any CPU.Build.0 = Release|Any CPU
	EndGlobalSection
	GlobalSection(SolutionProperties) = preSolution
		HideSolutionNode = FALSE
	EndGlobalSection
	GlobalSection(ExtensibilityGlobals) = postSolution
		SolutionGuid = {4B465E47-4FE6-48A8-B978-27931044064F}
	EndGlobalSection
EndGlobal
