
Microsoft Visual Studio Solution File, Format Version 12.00
# Visual Studio Version 17
VisualStudioVersion = 17.14.36623.8 d17.14
MinimumVisualStudioVersion = 10.0.40219.1
Project("{FAE04EC0-301F-11D3-BF4B-00C04F79EFBC}") = "Metin_Belgesi", "Metin_Belgesi\Metin_Belgesi.csproj", "{7F32C0C6-05F2-4828-A2AC-3C58E1295C26}"
EndProject
Global
	GlobalSection(SolutionConfigurationPlatforms) = preSolution
		Debug|Any CPU = Debug|Any CPU
		Release|Any CPU = Release|Any CPU
	EndGlobalSection
	GlobalSection(ProjectConfigurationPlatforms) = postSolution
		{7F32C0C6-05F2-4828-A2AC-3C58E1295C26}.Debug|Any CPU.ActiveCfg = Debug|Any CPU
		{7F32C0C6-05F2-4828-A2AC-3C58E1295C26}.Debug|Any CPU.Build.0 = Debug|Any CPU
		{7F32C0C6-05F2-4828-A2AC-3C58E1295C26}.Release|Any CPU.ActiveCfg = Release|Any CPU
		{7F32C0C6-05F2-4828-A2AC-3C58E1295C26}.Release|Any CPU.Build.0 = Release|Any CPU
	EndGlobalSection
	GlobalSection(SolutionProperties) = preSolution
		HideSolutionNode = FALSE
	EndGlobalSection
	GlobalSection(ExtensibilityGlobals) = postSolution
		SolutionGuid = {03B939AB-F50A-4D85-A704-AFAB3B85788A}
	EndGlobalSection
EndGlobal
